
Microsoft Visual Studio Solution File, Format Version 12.00
# Visual Studio Version 17
VisualStudioVersion = 17.13.35806.99 d17.13
MinimumVisualStudioVersion = 10.0.40219.1
Project("{FAE04EC0-301F-11D3-BF4B-00C04F79EFBC}") = "webapp", "webapp\webapp.csproj", "{B09FCC6E-417D-4FE3-B5AA-A512989644AA}"
EndProject
Global
	GlobalSection(SolutionConfigurationPlatforms) = preSolution
		Debug|Any CPU = Debug|Any CPU
		Release|Any CPU = Release|Any CPU
	EndGlobalSection
	GlobalSection(ProjectConfigurationPlatforms) = postSolution
		{B09FCC6E-417D-4FE3-B5AA-A512989644AA}.Debug|Any CPU.ActiveCfg = Debug|Any CPU
		{B09FCC6E-417D-4FE3-B5AA-A512989644AA}.Debug|Any CPU.Build.0 = Debug|Any CPU
		{B09FCC6E-417D-4FE3-B5AA-A512989644AA}.Release|Any CPU.ActiveCfg = Release|Any CPU
		{B09FCC6E-417D-4FE3-B5AA-A512989644AA}.Release|Any CPU.Build.0 = Release|Any CPU
	EndGlobalSection
	GlobalSection(SolutionProperties) = preSolution
		HideSolutionNode = FALSE
	EndGlobalSection
	GlobalSection(ExtensibilityGlobals) = postSolution
		SolutionGuid = {C00423D8-E251-429F-97B0-575638DBC4EA}
	EndGlobalSection
EndGlobal
